// !$*UTF8*$!
{
	archiveVersion = 1;
	classes = {
	};
	objectVersion = 55;
	objects = {

/* Begin PBXBuildFile section */
		391E5B7A2786C4CF0060624B /* UIBezierPath+.swift in Sources */ = {isa = PBXBuildFile; fileRef = 391E5B732786C4CF0060624B /* UIBezierPath+.swift */; };
		391E5B7B2786C4CF0060624B /* PDFPage+Selection.swift in Sources */ = {isa = PBXBuildFile; fileRef = 391E5B742786C4CF0060624B /* PDFPage+Selection.swift */; };
		391E5B7C2786C4CF0060624B /* DrawingAnnotation.swift in Sources */ = {isa = PBXBuildFile; fileRef = 391E5B752786C4CF0060624B /* DrawingAnnotation.swift */; };
		391E5B7D2786C4CF0060624B /* PDFDrawer.swift in Sources */ = {isa = PBXBuildFile; fileRef = 391E5B762786C4CF0060624B /* PDFDrawer.swift */; };
		391E5B7E2786C4CF0060624B /* DrawingGestureRecognizer.swift in Sources */ = {isa = PBXBuildFile; fileRef = 391E5B772786C4CF0060624B /* DrawingGestureRecognizer.swift */; };
		391E5B7F2786C4CF0060624B /* PDFAnnotationWithPath.swift in Sources */ = {isa = PBXBuildFile; fileRef = 391E5B782786C4CF0060624B /* PDFAnnotationWithPath.swift */; };
		391E5B802786C4CF0060624B /* NonSelectablePDFView.swift in Sources */ = {isa = PBXBuildFile; fileRef = 391E5B792786C4CF0060624B /* NonSelectablePDFView.swift */; };
		BF0748412770648100D0C3B3 /* RxCocoa in Frameworks */ = {isa = PBXBuildFile; productRef = BF0748402770648100D0C3B3 /* RxCocoa */; };
		BF0748432770648100D0C3B3 /* RxRelay in Frameworks */ = {isa = PBXBuildFile; productRef = BF0748422770648100D0C3B3 /* RxRelay */; };
		BF0748452770648100D0C3B3 /* RxSwift in Frameworks */ = {isa = PBXBuildFile; productRef = BF0748442770648100D0C3B3 /* RxSwift */; };
		BF0748482770649000D0C3B3 /* RxGesture in Frameworks */ = {isa = PBXBuildFile; productRef = BF0748472770649000D0C3B3 /* RxGesture */; };
		BF07484B277064A300D0C3B3 /* SnapKit in Frameworks */ = {isa = PBXBuildFile; productRef = BF07484A277064A300D0C3B3 /* SnapKit */; };
		BF07484E277064AF00D0C3B3 /* Then in Frameworks */ = {isa = PBXBuildFile; productRef = BF07484D277064AF00D0C3B3 /* Then */; };
		BF0748512770652000D0C3B3 /* Thoth in Frameworks */ = {isa = PBXBuildFile; productRef = BF0748502770652000D0C3B3 /* Thoth */; };
		BF59A4BA27B0B66A00CEDF19 /* PDFViewer.swift in Sources */ = {isa = PBXBuildFile; fileRef = BFB7C129277ACD89005778B0 /* PDFViewer.swift */; };
		BF59A4BD27B0B7B800CEDF19 /* CanvasOnPdfViewController.swift in Sources */ = {isa = PBXBuildFile; fileRef = BFF5C277277D96EA00D5260F /* CanvasOnPdfViewController.swift */; };
		BF59A4BE27B0B7BD00CEDF19 /* PDFCanvasViewController.swift in Sources */ = {isa = PBXBuildFile; fileRef = BFB7C0A3277988CC005778B0 /* PDFCanvasViewController.swift */; };
		BF59A4BF27B0B7BD00CEDF19 /* PDFCanvasViewModel.swift in Sources */ = {isa = PBXBuildFile; fileRef = BFB7C12B277AEFF9005778B0 /* PDFCanvasViewModel.swift */; };
		BF59A4C327B10F0500CEDF19 /* ScribbleModel.xcdatamodeld in Sources */ = {isa = PBXBuildFile; fileRef = BF59A4C127B10F0500CEDF19 /* ScribbleModel.xcdatamodeld */; };
		BF59A4CA27BA20F500CEDF19 /* UserDefaultsManager.swift in Sources */ = {isa = PBXBuildFile; fileRef = BF59A4C927BA20F500CEDF19 /* UserDefaultsManager.swift */; };
		BF61051D27BB83E5007920F6 /* PersistenceManager.swift in Sources */ = {isa = PBXBuildFile; fileRef = BF61051C27BB83E5007920F6 /* PersistenceManager.swift */; };
		BF61051F27BB844B007920F6 /* LoopableExtension.swift in Sources */ = {isa = PBXBuildFile; fileRef = BF61051E27BB844B007920F6 /* LoopableExtension.swift */; };
		BF61052127BB8478007920F6 /* Model.swift in Sources */ = {isa = PBXBuildFile; fileRef = BF61052027BB8478007920F6 /* Model.swift */; };
		BFB7C0A62779897E005778B0 /* PlayGroundViewController.swift in Sources */ = {isa = PBXBuildFile; fileRef = BFB7C0A52779897E005778B0 /* PlayGroundViewController.swift */; };
		BFB7C0A927798B6D005778B0 /* Differentiator in Frameworks */ = {isa = PBXBuildFile; productRef = BFB7C0A827798B6D005778B0 /* Differentiator */; };
		BFB7C0AB27798B6D005778B0 /* RxDataSources in Frameworks */ = {isa = PBXBuildFile; productRef = BFB7C0AA27798B6D005778B0 /* RxDataSources */; };
		BFC914672769B75C00A55316 /* AppDelegate.swift in Sources */ = {isa = PBXBuildFile; fileRef = BFC914662769B75C00A55316 /* AppDelegate.swift */; };
		BFC914692769B75C00A55316 /* SceneDelegate.swift in Sources */ = {isa = PBXBuildFile; fileRef = BFC914682769B75C00A55316 /* SceneDelegate.swift */; };
		BFC9146B2769B75C00A55316 /* ViewController.swift in Sources */ = {isa = PBXBuildFile; fileRef = BFC9146A2769B75C00A55316 /* ViewController.swift */; };
		BFC914702769B75E00A55316 /* Assets.xcassets in Resources */ = {isa = PBXBuildFile; fileRef = BFC9146F2769B75E00A55316 /* Assets.xcassets */; };
		BFC914732769B75E00A55316 /* LaunchScreen.storyboard in Resources */ = {isa = PBXBuildFile; fileRef = BFC914712769B75E00A55316 /* LaunchScreen.storyboard */; };
		BFC9147E2769B75E00A55316 /* PencilKitSampleTests.swift in Sources */ = {isa = PBXBuildFile; fileRef = BFC9147D2769B75E00A55316 /* PencilKitSampleTests.swift */; };
		BFC914882769B75E00A55316 /* PencilKitSampleUITests.swift in Sources */ = {isa = PBXBuildFile; fileRef = BFC914872769B75E00A55316 /* PencilKitSampleUITests.swift */; };
		BFC9148A2769B75E00A55316 /* PencilKitSampleUITestsLaunchTests.swift in Sources */ = {isa = PBXBuildFile; fileRef = BFC914892769B75E00A55316 /* PencilKitSampleUITestsLaunchTests.swift */; };
		BFD921A92797B0130058A3E9 /* ScribbleViewModel.swift in Sources */ = {isa = PBXBuildFile; fileRef = BFD921A82797B0130058A3E9 /* ScribbleViewModel.swift */; };
		BFD921AB2797D0C40058A3E9 /* AnnotationListTableViewController.swift in Sources */ = {isa = PBXBuildFile; fileRef = BFD921AA2797D0C40058A3E9 /* AnnotationListTableViewController.swift */; };
		BFDBA16A2782E5E200CF0188 /* ScribbleViewController.swift in Sources */ = {isa = PBXBuildFile; fileRef = BFDBA1692782E5E200CF0188 /* ScribbleViewController.swift */; };
		BFDBA172278C1DCA00CF0188 /* sample_science.pdf in Resources */ = {isa = PBXBuildFile; fileRef = BFDBA171278C1DCA00CF0188 /* sample_science.pdf */; };
/* End PBXBuildFile section */

/* Begin PBXContainerItemProxy section */
		BFC9147A2769B75E00A55316 /* PBXContainerItemProxy */ = {
			isa = PBXContainerItemProxy;
			containerPortal = BFC9145B2769B75C00A55316 /* Project object */;
			proxyType = 1;
			remoteGlobalIDString = BFC914622769B75C00A55316;
			remoteInfo = PencilKitSample;
		};
		BFC914842769B75E00A55316 /* PBXContainerItemProxy */ = {
			isa = PBXContainerItemProxy;
			containerPortal = BFC9145B2769B75C00A55316 /* Project object */;
			proxyType = 1;
			remoteGlobalIDString = BFC914622769B75C00A55316;
			remoteInfo = PencilKitSample;
		};
/* End PBXContainerItemProxy section */

/* Begin PBXFileReference section */
		391E5B732786C4CF0060624B /* UIBezierPath+.swift */ = {isa = PBXFileReference; fileEncoding = 4; lastKnownFileType = sourcecode.swift; path = "UIBezierPath+.swift"; sourceTree = "<group>"; };
		391E5B742786C4CF0060624B /* PDFPage+Selection.swift */ = {isa = PBXFileReference; fileEncoding = 4; lastKnownFileType = sourcecode.swift; path = "PDFPage+Selection.swift"; sourceTree = "<group>"; };
		391E5B752786C4CF0060624B /* DrawingAnnotation.swift */ = {isa = PBXFileReference; fileEncoding = 4; lastKnownFileType = sourcecode.swift; path = DrawingAnnotation.swift; sourceTree = "<group>"; };
		391E5B762786C4CF0060624B /* PDFDrawer.swift */ = {isa = PBXFileReference; fileEncoding = 4; lastKnownFileType = sourcecode.swift; path = PDFDrawer.swift; sourceTree = "<group>"; };
		391E5B772786C4CF0060624B /* DrawingGestureRecognizer.swift */ = {isa = PBXFileReference; fileEncoding = 4; lastKnownFileType = sourcecode.swift; path = DrawingGestureRecognizer.swift; sourceTree = "<group>"; };
		391E5B782786C4CF0060624B /* PDFAnnotationWithPath.swift */ = {isa = PBXFileReference; fileEncoding = 4; lastKnownFileType = sourcecode.swift; path = PDFAnnotationWithPath.swift; sourceTree = "<group>"; };
		391E5B792786C4CF0060624B /* NonSelectablePDFView.swift */ = {isa = PBXFileReference; fileEncoding = 4; lastKnownFileType = sourcecode.swift; path = NonSelectablePDFView.swift; sourceTree = "<group>"; };
		BF59A4C227B10F0500CEDF19 /* ScribbleModel.xcdatamodel */ = {isa = PBXFileReference; lastKnownFileType = wrapper.xcdatamodel; path = ScribbleModel.xcdatamodel; sourceTree = "<group>"; };
		BF59A4C927BA20F500CEDF19 /* UserDefaultsManager.swift */ = {isa = PBXFileReference; lastKnownFileType = sourcecode.swift; path = UserDefaultsManager.swift; sourceTree = "<group>"; };
		BF61051C27BB83E5007920F6 /* PersistenceManager.swift */ = {isa = PBXFileReference; lastKnownFileType = sourcecode.swift; path = PersistenceManager.swift; sourceTree = "<group>"; };
		BF61051E27BB844B007920F6 /* LoopableExtension.swift */ = {isa = PBXFileReference; lastKnownFileType = sourcecode.swift; path = LoopableExtension.swift; sourceTree = "<group>"; };
		BF61052027BB8478007920F6 /* Model.swift */ = {isa = PBXFileReference; lastKnownFileType = sourcecode.swift; path = Model.swift; sourceTree = "<group>"; };
		BFB7C0A3277988CC005778B0 /* PDFCanvasViewController.swift */ = {isa = PBXFileReference; lastKnownFileType = sourcecode.swift; path = PDFCanvasViewController.swift; sourceTree = "<group>"; };
		BFB7C0A52779897E005778B0 /* PlayGroundViewController.swift */ = {isa = PBXFileReference; lastKnownFileType = sourcecode.swift; path = PlayGroundViewController.swift; sourceTree = "<group>"; };
		BFB7C129277ACD89005778B0 /* PDFViewer.swift */ = {isa = PBXFileReference; lastKnownFileType = sourcecode.swift; path = PDFViewer.swift; sourceTree = "<group>"; };
		BFB7C12B277AEFF9005778B0 /* PDFCanvasViewModel.swift */ = {isa = PBXFileReference; lastKnownFileType = sourcecode.swift; path = PDFCanvasViewModel.swift; sourceTree = "<group>"; };
		BFC914632769B75C00A55316 /* PencilKitSample.app */ = {isa = PBXFileReference; explicitFileType = wrapper.application; includeInIndex = 0; path = PencilKitSample.app; sourceTree = BUILT_PRODUCTS_DIR; };
		BFC914662769B75C00A55316 /* AppDelegate.swift */ = {isa = PBXFileReference; lastKnownFileType = sourcecode.swift; path = AppDelegate.swift; sourceTree = "<group>"; };
		BFC914682769B75C00A55316 /* SceneDelegate.swift */ = {isa = PBXFileReference; lastKnownFileType = sourcecode.swift; path = SceneDelegate.swift; sourceTree = "<group>"; };
		BFC9146A2769B75C00A55316 /* ViewController.swift */ = {isa = PBXFileReference; lastKnownFileType = sourcecode.swift; path = ViewController.swift; sourceTree = "<group>"; };
		BFC9146F2769B75E00A55316 /* Assets.xcassets */ = {isa = PBXFileReference; lastKnownFileType = folder.assetcatalog; path = Assets.xcassets; sourceTree = "<group>"; };
		BFC914722769B75E00A55316 /* Base */ = {isa = PBXFileReference; lastKnownFileType = file.storyboard; name = Base; path = Base.lproj/LaunchScreen.storyboard; sourceTree = "<group>"; };
		BFC914742769B75E00A55316 /* Info.plist */ = {isa = PBXFileReference; lastKnownFileType = text.plist.xml; path = Info.plist; sourceTree = "<group>"; };
		BFC914792769B75E00A55316 /* PencilKitSampleTests.xctest */ = {isa = PBXFileReference; explicitFileType = wrapper.cfbundle; includeInIndex = 0; path = PencilKitSampleTests.xctest; sourceTree = BUILT_PRODUCTS_DIR; };
		BFC9147D2769B75E00A55316 /* PencilKitSampleTests.swift */ = {isa = PBXFileReference; lastKnownFileType = sourcecode.swift; path = PencilKitSampleTests.swift; sourceTree = "<group>"; };
		BFC914832769B75E00A55316 /* PencilKitSampleUITests.xctest */ = {isa = PBXFileReference; explicitFileType = wrapper.cfbundle; includeInIndex = 0; path = PencilKitSampleUITests.xctest; sourceTree = BUILT_PRODUCTS_DIR; };
		BFC914872769B75E00A55316 /* PencilKitSampleUITests.swift */ = {isa = PBXFileReference; lastKnownFileType = sourcecode.swift; path = PencilKitSampleUITests.swift; sourceTree = "<group>"; };
		BFC914892769B75E00A55316 /* PencilKitSampleUITestsLaunchTests.swift */ = {isa = PBXFileReference; lastKnownFileType = sourcecode.swift; path = PencilKitSampleUITestsLaunchTests.swift; sourceTree = "<group>"; };
		BFD921A82797B0130058A3E9 /* ScribbleViewModel.swift */ = {isa = PBXFileReference; lastKnownFileType = sourcecode.swift; path = ScribbleViewModel.swift; sourceTree = "<group>"; };
		BFD921AA2797D0C40058A3E9 /* AnnotationListTableViewController.swift */ = {isa = PBXFileReference; lastKnownFileType = sourcecode.swift; path = AnnotationListTableViewController.swift; sourceTree = "<group>"; };
		BFDBA1692782E5E200CF0188 /* ScribbleViewController.swift */ = {isa = PBXFileReference; lastKnownFileType = sourcecode.swift; path = ScribbleViewController.swift; sourceTree = "<group>"; };
		BFDBA171278C1DCA00CF0188 /* sample_science.pdf */ = {isa = PBXFileReference; lastKnownFileType = image.pdf; path = sample_science.pdf; sourceTree = "<group>"; };
		BFF5C277277D96EA00D5260F /* CanvasOnPdfViewController.swift */ = {isa = PBXFileReference; lastKnownFileType = sourcecode.swift; path = CanvasOnPdfViewController.swift; sourceTree = "<group>"; };
/* End PBXFileReference section */

/* Begin PBXFrameworksBuildPhase section */
		BFC914602769B75C00A55316 /* Frameworks */ = {
			isa = PBXFrameworksBuildPhase;
			buildActionMask = 2147483647;
			files = (
				BF0748452770648100D0C3B3 /* RxSwift in Frameworks */,
				BF07484E277064AF00D0C3B3 /* Then in Frameworks */,
				BF0748432770648100D0C3B3 /* RxRelay in Frameworks */,
				BF0748482770649000D0C3B3 /* RxGesture in Frameworks */,
				BFB7C0A927798B6D005778B0 /* Differentiator in Frameworks */,
				BF0748412770648100D0C3B3 /* RxCocoa in Frameworks */,
				BFB7C0AB27798B6D005778B0 /* RxDataSources in Frameworks */,
				BF0748512770652000D0C3B3 /* Thoth in Frameworks */,
				BF07484B277064A300D0C3B3 /* SnapKit in Frameworks */,
			);
			runOnlyForDeploymentPostprocessing = 0;
		};
		BFC914762769B75E00A55316 /* Frameworks */ = {
			isa = PBXFrameworksBuildPhase;
			buildActionMask = 2147483647;
			files = (
			);
			runOnlyForDeploymentPostprocessing = 0;
		};
		BFC914802769B75E00A55316 /* Frameworks */ = {
			isa = PBXFrameworksBuildPhase;
			buildActionMask = 2147483647;
			files = (
			);
			runOnlyForDeploymentPostprocessing = 0;
		};
/* End PBXFrameworksBuildPhase section */

/* Begin PBXGroup section */
		391E5B722786C4BA0060624B /* Drawing */ = {
			isa = PBXGroup;
			children = (
				391E5B752786C4CF0060624B /* DrawingAnnotation.swift */,
				391E5B772786C4CF0060624B /* DrawingGestureRecognizer.swift */,
				391E5B792786C4CF0060624B /* NonSelectablePDFView.swift */,
				391E5B782786C4CF0060624B /* PDFAnnotationWithPath.swift */,
				391E5B762786C4CF0060624B /* PDFDrawer.swift */,
				391E5B742786C4CF0060624B /* PDFPage+Selection.swift */,
				391E5B732786C4CF0060624B /* UIBezierPath+.swift */,
			);
			path = Drawing;
			sourceTree = "<group>";
		};
		BF59A4B927B0B59800CEDF19 /* dropped */ = {
			isa = PBXGroup;
			children = (
				BFF5C277277D96EA00D5260F /* CanvasOnPdfViewController.swift */,
				BFB7C0A3277988CC005778B0 /* PDFCanvasViewController.swift */,
				BFB7C12B277AEFF9005778B0 /* PDFCanvasViewModel.swift */,
			);
			path = dropped;
			sourceTree = "<group>";
		};
		BF59A4BC27B0B6F100CEDF19 /* Scribble */ = {
			isa = PBXGroup;
			children = (
				BFDBA1692782E5E200CF0188 /* ScribbleViewController.swift */,
				BFD921A82797B0130058A3E9 /* ScribbleViewModel.swift */,
				BFD921AA2797D0C40058A3E9 /* AnnotationListTableViewController.swift */,
				391E5B722786C4BA0060624B /* Drawing */,
			);
			path = Scribble;
			sourceTree = "<group>";
		};
		BF59A4C027B0BC9500CEDF19 /* LAB */ = {
			isa = PBXGroup;
			children = (
				BFB7C0A52779897E005778B0 /* PlayGroundViewController.swift */,
				BFB7C129277ACD89005778B0 /* PDFViewer.swift */,
			);
			path = LAB;
			sourceTree = "<group>";
		};
		BFC9145A2769B75C00A55316 = {
			isa = PBXGroup;
			children = (
				BFC914652769B75C00A55316 /* PencilKitSample */,
				BFC9147C2769B75E00A55316 /* PencilKitSampleTests */,
				BFC914862769B75E00A55316 /* PencilKitSampleUITests */,
				BFC914642769B75C00A55316 /* Products */,
			);
			sourceTree = "<group>";
		};
		BFC914642769B75C00A55316 /* Products */ = {
			isa = PBXGroup;
			children = (
				BFC914632769B75C00A55316 /* PencilKitSample.app */,
				BFC914792769B75E00A55316 /* PencilKitSampleTests.xctest */,
				BFC914832769B75E00A55316 /* PencilKitSampleUITests.xctest */,
			);
			name = Products;
			sourceTree = "<group>";
		};
		BFC914652769B75C00A55316 /* PencilKitSample */ = {
			isa = PBXGroup;
			children = (
				BFC914662769B75C00A55316 /* AppDelegate.swift */,
				BFC914682769B75C00A55316 /* SceneDelegate.swift */,
				BFC9146A2769B75C00A55316 /* ViewController.swift */,
				BF59A4BC27B0B6F100CEDF19 /* Scribble */,
				BF59A4C027B0BC9500CEDF19 /* LAB */,
				BFC914A62769C73D00A55316 /* Resources */,
				BF59A4B927B0B59800CEDF19 /* dropped */,
				BF59A4C127B10F0500CEDF19 /* ScribbleModel.xcdatamodeld */,
				BF61052027BB8478007920F6 /* Model.swift */,
				BF61051C27BB83E5007920F6 /* PersistenceManager.swift */,
				BF59A4C927BA20F500CEDF19 /* UserDefaultsManager.swift */,
				BF61051E27BB844B007920F6 /* LoopableExtension.swift */,
			);
			path = PencilKitSample;
			sourceTree = "<group>";
		};
		BFC9147C2769B75E00A55316 /* PencilKitSampleTests */ = {
			isa = PBXGroup;
			children = (
				BFC9147D2769B75E00A55316 /* PencilKitSampleTests.swift */,
			);
			path = PencilKitSampleTests;
			sourceTree = "<group>";
		};
		BFC914862769B75E00A55316 /* PencilKitSampleUITests */ = {
			isa = PBXGroup;
			children = (
				BFC914872769B75E00A55316 /* PencilKitSampleUITests.swift */,
				BFC914892769B75E00A55316 /* PencilKitSampleUITestsLaunchTests.swift */,
			);
			path = PencilKitSampleUITests;
			sourceTree = "<group>";
		};
		BFC914A62769C73D00A55316 /* Resources */ = {
			isa = PBXGroup;
			children = (
				BFDBA171278C1DCA00CF0188 /* sample_science.pdf */,
				BFC9146F2769B75E00A55316 /* Assets.xcassets */,
				BFC914712769B75E00A55316 /* LaunchScreen.storyboard */,
				BFC914742769B75E00A55316 /* Info.plist */,
			);
			path = Resources;
			sourceTree = "<group>";
		};
/* End PBXGroup section */

/* Begin PBXNativeTarget section */
		BFC914622769B75C00A55316 /* PencilKitSample */ = {
			isa = PBXNativeTarget;
			buildConfigurationList = BFC9148D2769B75E00A55316 /* Build configuration list for PBXNativeTarget "PencilKitSample" */;
			buildPhases = (
				BFC9145F2769B75C00A55316 /* Sources */,
				BFC914602769B75C00A55316 /* Frameworks */,
				BFC914612769B75C00A55316 /* Resources */,
			);
			buildRules = (
			);
			dependencies = (
			);
			name = PencilKitSample;
			packageProductDependencies = (
				BF0748402770648100D0C3B3 /* RxCocoa */,
				BF0748422770648100D0C3B3 /* RxRelay */,
				BF0748442770648100D0C3B3 /* RxSwift */,
				BF0748472770649000D0C3B3 /* RxGesture */,
				BF07484A277064A300D0C3B3 /* SnapKit */,
				BF07484D277064AF00D0C3B3 /* Then */,
				BF0748502770652000D0C3B3 /* Thoth */,
				BFB7C0A827798B6D005778B0 /* Differentiator */,
				BFB7C0AA27798B6D005778B0 /* RxDataSources */,
			);
			productName = PencilKitSample;
			productReference = BFC914632769B75C00A55316 /* PencilKitSample.app */;
			productType = "com.apple.product-type.application";
		};
		BFC914782769B75E00A55316 /* PencilKitSampleTests */ = {
			isa = PBXNativeTarget;
			buildConfigurationList = BFC914902769B75E00A55316 /* Build configuration list for PBXNativeTarget "PencilKitSampleTests" */;
			buildPhases = (
				BFC914752769B75E00A55316 /* Sources */,
				BFC914762769B75E00A55316 /* Frameworks */,
				BFC914772769B75E00A55316 /* Resources */,
			);
			buildRules = (
			);
			dependencies = (
				BFC9147B2769B75E00A55316 /* PBXTargetDependency */,
			);
			name = PencilKitSampleTests;
			productName = PencilKitSampleTests;
			productReference = BFC914792769B75E00A55316 /* PencilKitSampleTests.xctest */;
			productType = "com.apple.product-type.bundle.unit-test";
		};
		BFC914822769B75E00A55316 /* PencilKitSampleUITests */ = {
			isa = PBXNativeTarget;
			buildConfigurationList = BFC914932769B75E00A55316 /* Build configuration list for PBXNativeTarget "PencilKitSampleUITests" */;
			buildPhases = (
				BFC9147F2769B75E00A55316 /* Sources */,
				BFC914802769B75E00A55316 /* Frameworks */,
				BFC914812769B75E00A55316 /* Resources */,
			);
			buildRules = (
			);
			dependencies = (
				BFC914852769B75E00A55316 /* PBXTargetDependency */,
			);
			name = PencilKitSampleUITests;
			productName = PencilKitSampleUITests;
			productReference = BFC914832769B75E00A55316 /* PencilKitSampleUITests.xctest */;
			productType = "com.apple.product-type.bundle.ui-testing";
		};
/* End PBXNativeTarget section */

/* Begin PBXProject section */
		BFC9145B2769B75C00A55316 /* Project object */ = {
			isa = PBXProject;
			attributes = {
				BuildIndependentTargetsInParallel = 1;
				LastSwiftUpdateCheck = 1310;
				LastUpgradeCheck = 1310;
				TargetAttributes = {
					BFC914622769B75C00A55316 = {
						CreatedOnToolsVersion = 13.1;
					};
					BFC914782769B75E00A55316 = {
						CreatedOnToolsVersion = 13.1;
						TestTargetID = BFC914622769B75C00A55316;
					};
					BFC914822769B75E00A55316 = {
						CreatedOnToolsVersion = 13.1;
						TestTargetID = BFC914622769B75C00A55316;
					};
				};
			};
			buildConfigurationList = BFC9145E2769B75C00A55316 /* Build configuration list for PBXProject "PencilKitSample" */;
			compatibilityVersion = "Xcode 13.0";
			developmentRegion = en;
			hasScannedForEncodings = 0;
			knownRegions = (
				en,
				Base,
			);
			mainGroup = BFC9145A2769B75C00A55316;
			packageReferences = (
				BF07483F2770648100D0C3B3 /* XCRemoteSwiftPackageReference "RxSwift" */,
				BF0748462770649000D0C3B3 /* XCRemoteSwiftPackageReference "RxGesture" */,
				BF074849277064A300D0C3B3 /* XCRemoteSwiftPackageReference "SnapKit" */,
				BF07484C277064AF00D0C3B3 /* XCRemoteSwiftPackageReference "Then" */,
				BF07484F2770652000D0C3B3 /* XCRemoteSwiftPackageReference "Thoth" */,
				BFB7C0A727798B6D005778B0 /* XCRemoteSwiftPackageReference "RxDataSources" */,
			);
			productRefGroup = BFC914642769B75C00A55316 /* Products */;
			projectDirPath = "";
			projectRoot = "";
			targets = (
				BFC914622769B75C00A55316 /* PencilKitSample */,
				BFC914782769B75E00A55316 /* PencilKitSampleTests */,
				BFC914822769B75E00A55316 /* PencilKitSampleUITests */,
			);
		};
/* End PBXProject section */

/* Begin PBXResourcesBuildPhase section */
		BFC914612769B75C00A55316 /* Resources */ = {
			isa = PBXResourcesBuildPhase;
			buildActionMask = 2147483647;
			files = (
				BFDBA172278C1DCA00CF0188 /* sample_science.pdf in Resources */,
				BFC914732769B75E00A55316 /* LaunchScreen.storyboard in Resources */,
				BFC914702769B75E00A55316 /* Assets.xcassets in Resources */,
			);
			runOnlyForDeploymentPostprocessing = 0;
		};
		BFC914772769B75E00A55316 /* Resources */ = {
			isa = PBXResourcesBuildPhase;
			buildActionMask = 2147483647;
			files = (
			);
			runOnlyForDeploymentPostprocessing = 0;
		};
		BFC914812769B75E00A55316 /* Resources */ = {
			isa = PBXResourcesBuildPhase;
			buildActionMask = 2147483647;
			files = (
			);
			runOnlyForDeploymentPostprocessing = 0;
		};
/* End PBXResourcesBuildPhase section */

/* Begin PBXSourcesBuildPhase section */
		BFC9145F2769B75C00A55316 /* Sources */ = {
			isa = PBXSourcesBuildPhase;
			buildActionMask = 2147483647;
			files = (
				BFC9146B2769B75C00A55316 /* ViewController.swift in Sources */,
				391E5B7D2786C4CF0060624B /* PDFDrawer.swift in Sources */,
				BF61051F27BB844B007920F6 /* LoopableExtension.swift in Sources */,
				BF59A4C327B10F0500CEDF19 /* ScribbleModel.xcdatamodeld in Sources */,
				391E5B7A2786C4CF0060624B /* UIBezierPath+.swift in Sources */,
				BF59A4BE27B0B7BD00CEDF19 /* PDFCanvasViewController.swift in Sources */,
				BFB7C0A62779897E005778B0 /* PlayGroundViewController.swift in Sources */,
				BFD921AB2797D0C40058A3E9 /* AnnotationListTableViewController.swift in Sources */,
				391E5B7B2786C4CF0060624B /* PDFPage+Selection.swift in Sources */,
				BF61051D27BB83E5007920F6 /* PersistenceManager.swift in Sources */,
				391E5B802786C4CF0060624B /* NonSelectablePDFView.swift in Sources */,
				BFC914672769B75C00A55316 /* AppDelegate.swift in Sources */,
				BF59A4BA27B0B66A00CEDF19 /* PDFViewer.swift in Sources */,
				BFD921A92797B0130058A3E9 /* ScribbleViewModel.swift in Sources */,
				BF61052127BB8478007920F6 /* Model.swift in Sources */,
				391E5B7E2786C4CF0060624B /* DrawingGestureRecognizer.swift in Sources */,
				BF59A4CA27BA20F500CEDF19 /* UserDefaultsManager.swift in Sources */,
				391E5B7C2786C4CF0060624B /* DrawingAnnotation.swift in Sources */,
				BF59A4BD27B0B7B800CEDF19 /* CanvasOnPdfViewController.swift in Sources */,
				391E5B7F2786C4CF0060624B /* PDFAnnotationWithPath.swift in Sources */,
				BFDBA16A2782E5E200CF0188 /* ScribbleViewController.swift in Sources */,
				BFC914692769B75C00A55316 /* SceneDelegate.swift in Sources */,
				BF59A4BF27B0B7BD00CEDF19 /* PDFCanvasViewModel.swift in Sources */,
			);
			runOnlyForDeploymentPostprocessing = 0;
		};
		BFC914752769B75E00A55316 /* Sources */ = {
			isa = PBXSourcesBuildPhase;
			buildActionMask = 2147483647;
			files = (
				BFC9147E2769B75E00A55316 /* PencilKitSampleTests.swift in Sources */,
			);
			runOnlyForDeploymentPostprocessing = 0;
		};
		BFC9147F2769B75E00A55316 /* Sources */ = {
			isa = PBXSourcesBuildPhase;
			buildActionMask = 2147483647;
			files = (
				BFC9148A2769B75E00A55316 /* PencilKitSampleUITestsLaunchTests.swift in Sources */,
				BFC914882769B75E00A55316 /* PencilKitSampleUITests.swift in Sources */,
			);
			runOnlyForDeploymentPostprocessing = 0;
		};
/* End PBXSourcesBuildPhase section */

/* Begin PBXTargetDependency section */
		BFC9147B2769B75E00A55316 /* PBXTargetDependency */ = {
			isa = PBXTargetDependency;
			target = BFC914622769B75C00A55316 /* PencilKitSample */;
			targetProxy = BFC9147A2769B75E00A55316 /* PBXContainerItemProxy */;
		};
		BFC914852769B75E00A55316 /* PBXTargetDependency */ = {
			isa = PBXTargetDependency;
			target = BFC914622769B75C00A55316 /* PencilKitSample */;
			targetProxy = BFC914842769B75E00A55316 /* PBXContainerItemProxy */;
		};
/* End PBXTargetDependency section */

/* Begin PBXVariantGroup section */
		BFC914712769B75E00A55316 /* LaunchScreen.storyboard */ = {
			isa = PBXVariantGroup;
			children = (
				BFC914722769B75E00A55316 /* Base */,
			);
			name = LaunchScreen.storyboard;
			sourceTree = "<group>";
		};
/* End PBXVariantGroup section */

/* Begin XCBuildConfiguration section */
		BFC9148B2769B75E00A55316 /* Debug */ = {
			isa = XCBuildConfiguration;
			buildSettings = {
				ALWAYS_SEARCH_USER_PATHS = NO;
				CLANG_ANALYZER_NONNULL = YES;
				CLANG_ANALYZER_NUMBER_OBJECT_CONVERSION = YES_AGGRESSIVE;
				CLANG_CXX_LANGUAGE_STANDARD = "gnu++17";
				CLANG_CXX_LIBRARY = "libc++";
				CLANG_ENABLE_MODULES = YES;
				CLANG_ENABLE_OBJC_ARC = YES;
				CLANG_ENABLE_OBJC_WEAK = YES;
				CLANG_WARN_BLOCK_CAPTURE_AUTORELEASING = YES;
				CLANG_WARN_BOOL_CONVERSION = YES;
				CLANG_WARN_COMMA = YES;
				CLANG_WARN_CONSTANT_CONVERSION = YES;
				CLANG_WARN_DEPRECATED_OBJC_IMPLEMENTATIONS = YES;
				CLANG_WARN_DIRECT_OBJC_ISA_USAGE = YES_ERROR;
				CLANG_WARN_DOCUMENTATION_COMMENTS = YES;
				CLANG_WARN_EMPTY_BODY = YES;
				CLANG_WARN_ENUM_CONVERSION = YES;
				CLANG_WARN_INFINITE_RECURSION = YES;
				CLANG_WARN_INT_CONVERSION = YES;
				CLANG_WARN_NON_LITERAL_NULL_CONVERSION = YES;
				CLANG_WARN_OBJC_IMPLICIT_RETAIN_SELF = YES;
				CLANG_WARN_OBJC_LITERAL_CONVERSION = YES;
				CLANG_WARN_OBJC_ROOT_CLASS = YES_ERROR;
				CLANG_WARN_QUOTED_INCLUDE_IN_FRAMEWORK_HEADER = YES;
				CLANG_WARN_RANGE_LOOP_ANALYSIS = YES;
				CLANG_WARN_STRICT_PROTOTYPES = YES;
				CLANG_WARN_SUSPICIOUS_MOVE = YES;
				CLANG_WARN_UNGUARDED_AVAILABILITY = YES_AGGRESSIVE;
				CLANG_WARN_UNREACHABLE_CODE = YES;
				CLANG_WARN__DUPLICATE_METHOD_MATCH = YES;
				COPY_PHASE_STRIP = NO;
				DEBUG_INFORMATION_FORMAT = dwarf;
				ENABLE_STRICT_OBJC_MSGSEND = YES;
				ENABLE_TESTABILITY = YES;
				GCC_C_LANGUAGE_STANDARD = gnu11;
				GCC_DYNAMIC_NO_PIC = NO;
				GCC_NO_COMMON_BLOCKS = YES;
				GCC_OPTIMIZATION_LEVEL = 0;
				GCC_PREPROCESSOR_DEFINITIONS = (
					"DEBUG=1",
					"$(inherited)",
				);
				GCC_WARN_64_TO_32_BIT_CONVERSION = YES;
				GCC_WARN_ABOUT_RETURN_TYPE = YES_ERROR;
				GCC_WARN_UNDECLARED_SELECTOR = YES;
				GCC_WARN_UNINITIALIZED_AUTOS = YES_AGGRESSIVE;
				GCC_WARN_UNUSED_FUNCTION = YES;
				GCC_WARN_UNUSED_VARIABLE = YES;
				IPHONEOS_DEPLOYMENT_TARGET = 14.0;
				MTL_ENABLE_DEBUG_INFO = INCLUDE_SOURCE;
				MTL_FAST_MATH = YES;
				ONLY_ACTIVE_ARCH = YES;
				SDKROOT = iphoneos;
				SWIFT_ACTIVE_COMPILATION_CONDITIONS = DEBUG;
				SWIFT_OPTIMIZATION_LEVEL = "-Onone";
			};
			name = Debug;
		};
		BFC9148C2769B75E00A55316 /* Release */ = {
			isa = XCBuildConfiguration;
			buildSettings = {
				ALWAYS_SEARCH_USER_PATHS = NO;
				CLANG_ANALYZER_NONNULL = YES;
				CLANG_ANALYZER_NUMBER_OBJECT_CONVERSION = YES_AGGRESSIVE;
				CLANG_CXX_LANGUAGE_STANDARD = "gnu++17";
				CLANG_CXX_LIBRARY = "libc++";
				CLANG_ENABLE_MODULES = YES;
				CLANG_ENABLE_OBJC_ARC = YES;
				CLANG_ENABLE_OBJC_WEAK = YES;
				CLANG_WARN_BLOCK_CAPTURE_AUTORELEASING = YES;
				CLANG_WARN_BOOL_CONVERSION = YES;
				CLANG_WARN_COMMA = YES;
				CLANG_WARN_CONSTANT_CONVERSION = YES;
				CLANG_WARN_DEPRECATED_OBJC_IMPLEMENTATIONS = YES;
				CLANG_WARN_DIRECT_OBJC_ISA_USAGE = YES_ERROR;
				CLANG_WARN_DOCUMENTATION_COMMENTS = YES;
				CLANG_WARN_EMPTY_BODY = YES;
				CLANG_WARN_ENUM_CONVERSION = YES;
				CLANG_WARN_INFINITE_RECURSION = YES;
				CLANG_WARN_INT_CONVERSION = YES;
				CLANG_WARN_NON_LITERAL_NULL_CONVERSION = YES;
				CLANG_WARN_OBJC_IMPLICIT_RETAIN_SELF = YES;
				CLANG_WARN_OBJC_LITERAL_CONVERSION = YES;
				CLANG_WARN_OBJC_ROOT_CLASS = YES_ERROR;
				CLANG_WARN_QUOTED_INCLUDE_IN_FRAMEWORK_HEADER = YES;
				CLANG_WARN_RANGE_LOOP_ANALYSIS = YES;
				CLANG_WARN_STRICT_PROTOTYPES = YES;
				CLANG_WARN_SUSPICIOUS_MOVE = YES;
				CLANG_WARN_UNGUARDED_AVAILABILITY = YES_AGGRESSIVE;
				CLANG_WARN_UNREACHABLE_CODE = YES;
				CLANG_WARN__DUPLICATE_METHOD_MATCH = YES;
				COPY_PHASE_STRIP = NO;
				DEBUG_INFORMATION_FORMAT = "dwarf-with-dsym";
				ENABLE_NS_ASSERTIONS = NO;
				ENABLE_STRICT_OBJC_MSGSEND = YES;
				GCC_C_LANGUAGE_STANDARD = gnu11;
				GCC_NO_COMMON_BLOCKS = YES;
				GCC_WARN_64_TO_32_BIT_CONVERSION = YES;
				GCC_WARN_ABOUT_RETURN_TYPE = YES_ERROR;
				GCC_WARN_UNDECLARED_SELECTOR = YES;
				GCC_WARN_UNINITIALIZED_AUTOS = YES_AGGRESSIVE;
				GCC_WARN_UNUSED_FUNCTION = YES;
				GCC_WARN_UNUSED_VARIABLE = YES;
				IPHONEOS_DEPLOYMENT_TARGET = 14.0;
				MTL_ENABLE_DEBUG_INFO = NO;
				MTL_FAST_MATH = YES;
				SDKROOT = iphoneos;
				SWIFT_COMPILATION_MODE = wholemodule;
				SWIFT_OPTIMIZATION_LEVEL = "-O";
				VALIDATE_PRODUCT = YES;
			};
			name = Release;
		};
		BFC9148E2769B75E00A55316 /* Debug */ = {
			isa = XCBuildConfiguration;
			buildSettings = {
				ASSETCATALOG_COMPILER_APPICON_NAME = AppIcon;
				ASSETCATALOG_COMPILER_GLOBAL_ACCENT_COLOR_NAME = AccentColor;
				CODE_SIGN_STYLE = Automatic;
				CURRENT_PROJECT_VERSION = 1;
				DEVELOPMENT_TEAM = P7V8TZ448X;
				GENERATE_INFOPLIST_FILE = YES;
				INFOPLIST_FILE = PencilKitSample/Resources/Info.plist;
				INFOPLIST_KEY_NSPhotoLibraryAddUsageDescription = "need to save drawing";
				INFOPLIST_KEY_UIApplicationSupportsIndirectInputEvents = YES;
				INFOPLIST_KEY_UILaunchStoryboardName = LaunchScreen;
				INFOPLIST_KEY_UISupportedInterfaceOrientations = "UIInterfaceOrientationPortrait UIInterfaceOrientationPortraitUpsideDown UIInterfaceOrientationLandscapeLeft UIInterfaceOrientationLandscapeRight";
				INFOPLIST_KEY_UISupportedInterfaceOrientations_iPad = "UIInterfaceOrientationPortrait UIInterfaceOrientationPortraitUpsideDown UIInterfaceOrientationLandscapeLeft UIInterfaceOrientationLandscapeRight";
				INFOPLIST_KEY_UISupportedInterfaceOrientations_iPhone = "UIInterfaceOrientationPortrait UIInterfaceOrientationLandscapeLeft UIInterfaceOrientationLandscapeRight";
				LD_RUNPATH_SEARCH_PATHS = (
					"$(inherited)",
					"@executable_path/Frameworks",
				);
				MARKETING_VERSION = 1.0;
				PRODUCT_BUNDLE_IDENTIFIER = com.sample.PencilKitSample;
				PRODUCT_NAME = "$(TARGET_NAME)";
				SWIFT_EMIT_LOC_STRINGS = YES;
				SWIFT_VERSION = 5.0;
				TARGETED_DEVICE_FAMILY = "1,2";
			};
			name = Debug;
		};
		BFC9148F2769B75E00A55316 /* Release */ = {
			isa = XCBuildConfiguration;
			buildSettings = {
				ASSETCATALOG_COMPILER_APPICON_NAME = AppIcon;
				ASSETCATALOG_COMPILER_GLOBAL_ACCENT_COLOR_NAME = AccentColor;
				CODE_SIGN_STYLE = Automatic;
				CURRENT_PROJECT_VERSION = 1;
				DEVELOPMENT_TEAM = P7V8TZ448X;
				GENERATE_INFOPLIST_FILE = YES;
				INFOPLIST_FILE = PencilKitSample/Resources/Info.plist;
				INFOPLIST_KEY_NSPhotoLibraryAddUsageDescription = "need to save drawing";
				INFOPLIST_KEY_UIApplicationSupportsIndirectInputEvents = YES;
				INFOPLIST_KEY_UILaunchStoryboardName = LaunchScreen;
				INFOPLIST_KEY_UISupportedInterfaceOrientations = "UIInterfaceOrientationPortrait UIInterfaceOrientationPortraitUpsideDown UIInterfaceOrientationLandscapeLeft UIInterfaceOrientationLandscapeRight";
				INFOPLIST_KEY_UISupportedInterfaceOrientations_iPad = "UIInterfaceOrientationPortrait UIInterfaceOrientationPortraitUpsideDown UIInterfaceOrientationLandscapeLeft UIInterfaceOrientationLandscapeRight";
				INFOPLIST_KEY_UISupportedInterfaceOrientations_iPhone = "UIInterfaceOrientationPortrait UIInterfaceOrientationLandscapeLeft UIInterfaceOrientationLandscapeRight";
				LD_RUNPATH_SEARCH_PATHS = (
					"$(inherited)",
					"@executable_path/Frameworks",
				);
				MARKETING_VERSION = 1.0;
				PRODUCT_BUNDLE_IDENTIFIER = com.sample.PencilKitSample;
				PRODUCT_NAME = "$(TARGET_NAME)";
				SWIFT_EMIT_LOC_STRINGS = YES;
				SWIFT_VERSION = 5.0;
				TARGETED_DEVICE_FAMILY = "1,2";
			};
			name = Release;
		};
		BFC914912769B75E00A55316 /* Debug */ = {
			isa = XCBuildConfiguration;
			buildSettings = {
				ALWAYS_EMBED_SWIFT_STANDARD_LIBRARIES = YES;
				BUNDLE_LOADER = "$(TEST_HOST)";
				CODE_SIGN_STYLE = Automatic;
				CURRENT_PROJECT_VERSION = 1;
				DEVELOPMENT_TEAM = B23RT9FP44;
				GENERATE_INFOPLIST_FILE = YES;
				IPHONEOS_DEPLOYMENT_TARGET = 15.0;
				LD_RUNPATH_SEARCH_PATHS = (
					"$(inherited)",
					"@executable_path/Frameworks",
					"@loader_path/Frameworks",
				);
				MARKETING_VERSION = 1.0;
				PRODUCT_BUNDLE_IDENTIFIER = com.sample.PencilKitSampleTests;
				PRODUCT_NAME = "$(TARGET_NAME)";
				SWIFT_EMIT_LOC_STRINGS = NO;
				SWIFT_VERSION = 5.0;
				TARGETED_DEVICE_FAMILY = "1,2";
				TEST_HOST = "$(BUILT_PRODUCTS_DIR)/PencilKitSample.app/PencilKitSample";
			};
			name = Debug;
		};
		BFC914922769B75E00A55316 /* Release */ = {
			isa = XCBuildConfiguration;
			buildSettings = {
				ALWAYS_EMBED_SWIFT_STANDARD_LIBRARIES = YES;
				BUNDLE_LOADER = "$(TEST_HOST)";
				CODE_SIGN_STYLE = Automatic;
				CURRENT_PROJECT_VERSION = 1;
				DEVELOPMENT_TEAM = B23RT9FP44;
				GENERATE_INFOPLIST_FILE = YES;
				IPHONEOS_DEPLOYMENT_TARGET = 15.0;
				LD_RUNPATH_SEARCH_PATHS = (
					"$(inherited)",
					"@executable_path/Frameworks",
					"@loader_path/Frameworks",
				);
				MARKETING_VERSION = 1.0;
				PRODUCT_BUNDLE_IDENTIFIER = com.sample.PencilKitSampleTests;
				PRODUCT_NAME = "$(TARGET_NAME)";
				SWIFT_EMIT_LOC_STRINGS = NO;
				SWIFT_VERSION = 5.0;
				TARGETED_DEVICE_FAMILY = "1,2";
				TEST_HOST = "$(BUILT_PRODUCTS_DIR)/PencilKitSample.app/PencilKitSample";
			};
			name = Release;
		};
		BFC914942769B75E00A55316 /* Debug */ = {
			isa = XCBuildConfiguration;
			buildSettings = {
				ALWAYS_EMBED_SWIFT_STANDARD_LIBRARIES = YES;
				CODE_SIGN_STYLE = Automatic;
				CURRENT_PROJECT_VERSION = 1;
				DEVELOPMENT_TEAM = B23RT9FP44;
				GENERATE_INFOPLIST_FILE = YES;
				LD_RUNPATH_SEARCH_PATHS = (
					"$(inherited)",
					"@executable_path/Frameworks",
					"@loader_path/Frameworks",
				);
				MARKETING_VERSION = 1.0;
				PRODUCT_BUNDLE_IDENTIFIER = com.sample.PencilKitSampleUITests;
				PRODUCT_NAME = "$(TARGET_NAME)";
				SWIFT_EMIT_LOC_STRINGS = NO;
				SWIFT_VERSION = 5.0;
				TARGETED_DEVICE_FAMILY = "1,2";
				TEST_TARGET_NAME = PencilKitSample;
			};
			name = Debug;
		};
		BFC914952769B75E00A55316 /* Release */ = {
			isa = XCBuildConfiguration;
			buildSettings = {
				ALWAYS_EMBED_SWIFT_STANDARD_LIBRARIES = YES;
				CODE_SIGN_STYLE = Automatic;
				CURRENT_PROJECT_VERSION = 1;
				DEVELOPMENT_TEAM = B23RT9FP44;
				GENERATE_INFOPLIST_FILE = YES;
				LD_RUNPATH_SEARCH_PATHS = (
					"$(inherited)",
					"@executable_path/Frameworks",
					"@loader_path/Frameworks",
				);
				MARKETING_VERSION = 1.0;
				PRODUCT_BUNDLE_IDENTIFIER = com.sample.PencilKitSampleUITests;
				PRODUCT_NAME = "$(TARGET_NAME)";
				SWIFT_EMIT_LOC_STRINGS = NO;
				SWIFT_VERSION = 5.0;
				TARGETED_DEVICE_FAMILY = "1,2";
				TEST_TARGET_NAME = PencilKitSample;
			};
			name = Release;
		};
/* End XCBuildConfiguration section */

/* Begin XCConfigurationList section */
		BFC9145E2769B75C00A55316 /* Build configuration list for PBXProject "PencilKitSample" */ = {
			isa = XCConfigurationList;
			buildConfigurations = (
				BFC9148B2769B75E00A55316 /* Debug */,
				BFC9148C2769B75E00A55316 /* Release */,
			);
			defaultConfigurationIsVisible = 0;
			defaultConfigurationName = Release;
		};
		BFC9148D2769B75E00A55316 /* Build configuration list for PBXNativeTarget "PencilKitSample" */ = {
			isa = XCConfigurationList;
			buildConfigurations = (
				BFC9148E2769B75E00A55316 /* Debug */,
				BFC9148F2769B75E00A55316 /* Release */,
			);
			defaultConfigurationIsVisible = 0;
			defaultConfigurationName = Release;
		};
		BFC914902769B75E00A55316 /* Build configuration list for PBXNativeTarget "PencilKitSampleTests" */ = {
			isa = XCConfigurationList;
			buildConfigurations = (
				BFC914912769B75E00A55316 /* Debug */,
				BFC914922769B75E00A55316 /* Release */,
			);
			defaultConfigurationIsVisible = 0;
			defaultConfigurationName = Release;
		};
		BFC914932769B75E00A55316 /* Build configuration list for PBXNativeTarget "PencilKitSampleUITests" */ = {
			isa = XCConfigurationList;
			buildConfigurations = (
				BFC914942769B75E00A55316 /* Debug */,
				BFC914952769B75E00A55316 /* Release */,
			);
			defaultConfigurationIsVisible = 0;
			defaultConfigurationName = Release;
		};
/* End XCConfigurationList section */

/* Begin XCRemoteSwiftPackageReference section */
		BF07483F2770648100D0C3B3 /* XCRemoteSwiftPackageReference "RxSwift" */ = {
			isa = XCRemoteSwiftPackageReference;
			repositoryURL = "https://github.com/ReactiveX/RxSwift";
			requirement = {
				branch = main;
				kind = branch;
			};
		};
		BF0748462770649000D0C3B3 /* XCRemoteSwiftPackageReference "RxGesture" */ = {
			isa = XCRemoteSwiftPackageReference;
			repositoryURL = "https://github.com/RxSwiftCommunity/RxGesture";
			requirement = {
				branch = main;
				kind = branch;
			};
		};
		BF074849277064A300D0C3B3 /* XCRemoteSwiftPackageReference "SnapKit" */ = {
			isa = XCRemoteSwiftPackageReference;
			repositoryURL = "https://github.com/SnapKit/SnapKit";
			requirement = {
				branch = develop;
				kind = branch;
			};
		};
		BF07484C277064AF00D0C3B3 /* XCRemoteSwiftPackageReference "Then" */ = {
			isa = XCRemoteSwiftPackageReference;
			repositoryURL = "https://github.com/devxoul/Then";
			requirement = {
				branch = master;
				kind = branch;
			};
		};
		BF07484F2770652000D0C3B3 /* XCRemoteSwiftPackageReference "Thoth" */ = {
			isa = XCRemoteSwiftPackageReference;
			repositoryURL = "https://github.com/roythecodesmith/Thoth";
			requirement = {
				branch = main;
				kind = branch;
			};
		};
		BFB7C0A727798B6D005778B0 /* XCRemoteSwiftPackageReference "RxDataSources" */ = {
			isa = XCRemoteSwiftPackageReference;
			repositoryURL = "https://github.com/RxSwiftCommunity/RxDataSources";
			requirement = {
				kind = upToNextMajorVersion;
				minimumVersion = 5.0.0;
			};
		};
/* End XCRemoteSwiftPackageReference section */

/* Begin XCSwiftPackageProductDependency section */
		BF0748402770648100D0C3B3 /* RxCocoa */ = {
			isa = XCSwiftPackageProductDependency;
			package = BF07483F2770648100D0C3B3 /* XCRemoteSwiftPackageReference "RxSwift" */;
			productName = RxCocoa;
		};
		BF0748422770648100D0C3B3 /* RxRelay */ = {
			isa = XCSwiftPackageProductDependency;
			package = BF07483F2770648100D0C3B3 /* XCRemoteSwiftPackageReference "RxSwift" */;
			productName = RxRelay;
		};
		BF0748442770648100D0C3B3 /* RxSwift */ = {
			isa = XCSwiftPackageProductDependency;
			package = BF07483F2770648100D0C3B3 /* XCRemoteSwiftPackageReference "RxSwift" */;
			productName = RxSwift;
		};
		BF0748472770649000D0C3B3 /* RxGesture */ = {
			isa = XCSwiftPackageProductDependency;
			package = BF0748462770649000D0C3B3 /* XCRemoteSwiftPackageReference "RxGesture" */;
			productName = RxGesture;
		};
		BF07484A277064A300D0C3B3 /* SnapKit */ = {
			isa = XCSwiftPackageProductDependency;
			package = BF074849277064A300D0C3B3 /* XCRemoteSwiftPackageReference "SnapKit" */;
			productName = SnapKit;
		};
		BF07484D277064AF00D0C3B3 /* Then */ = {
			isa = XCSwiftPackageProductDependency;
			package = BF07484C277064AF00D0C3B3 /* XCRemoteSwiftPackageReference "Then" */;
			productName = Then;
		};
		BF0748502770652000D0C3B3 /* Thoth */ = {
			isa = XCSwiftPackageProductDependency;
			package = BF07484F2770652000D0C3B3 /* XCRemoteSwiftPackageReference "Thoth" */;
			productName = Thoth;
		};
		BFB7C0A827798B6D005778B0 /* Differentiator */ = {
			isa = XCSwiftPackageProductDependency;
			package = BFB7C0A727798B6D005778B0 /* XCRemoteSwiftPackageReference "RxDataSources" */;
			productName = Differentiator;
		};
		BFB7C0AA27798B6D005778B0 /* RxDataSources */ = {
			isa = XCSwiftPackageProductDependency;
			package = BFB7C0A727798B6D005778B0 /* XCRemoteSwiftPackageReference "RxDataSources" */;
			productName = RxDataSources;
		};
/* End XCSwiftPackageProductDependency section */

/* Begin XCVersionGroup section */
		BF59A4C127B10F0500CEDF19 /* ScribbleModel.xcdatamodeld */ = {
			isa = XCVersionGroup;
			children = (
				BF59A4C227B10F0500CEDF19 /* ScribbleModel.xcdatamodel */,
			);
			currentVersion = BF59A4C227B10F0500CEDF19 /* ScribbleModel.xcdatamodel */;
			path = ScribbleModel.xcdatamodeld;
			sourceTree = "<group>";
			versionGroupType = wrapper.xcdatamodel;
		};
/* End XCVersionGroup section */
	};
	rootObject = BFC9145B2769B75C00A55316 /* Project object */;
}
